{
  "nodes": {
    "network-compiler": {
      "inputs": {
        "network-labs": "network-labs",
        "nixpkgs": [
          "nixpkgs"
        ],
        "nixpkgs-network": "nixpkgs-network"
      },
      "locked": {
        "lastModified": 1773612183,
        "narHash": "sha256-vMCXkKr9qpgFMRU0Tlf9GZxfoM3e6G3KiahThwmey3o=",
        "owner": "esp0xdeadbeef",
        "repo": "network-compiler",
        "rev": "4dc8b32f0fc60c981570de405aab00049a7f8f7e",
        "type": "github"
      },
      "original": {
        "owner": "esp0xdeadbeef",
        "repo": "network-compiler",
        "type": "github"
      }
    },
    "network-labs": {
      "flake": false,
      "locked": {
        "lastModified": 1773610290,
        "narHash": "sha256-o4szR7KgbWMHKUMNzBSudD3aosib22vM4Dg2xHEs9KY=",
        "ref": "refs/heads/main",
        "rev": "38fea2b48dc4b2f7ed468e6d662931e01deb123a",
        "revCount": 5,
        "type": "git",
        "url": "ssh://git@github.com/esp0xdeadbeef/network-labs.git"
      },
      "original": {
        "type": "git",
        "url": "ssh://git@github.com/esp0xdeadbeef/network-labs.git"
      }
    },
    "nixpkgs": {
      "locked": {
        "lastModified": 1773389992,
        "narHash": "sha256-wvfdLLWJ2I9oEpDd9PfMA8osfIZicoQ5MT1jIwNs9Tk=",
        "owner": "NixOS",
        "repo": "nixpkgs",
        "rev": "c06b4ae3d6599a672a6210b7021d699c351eebda",
        "type": "github"
      },
      "original": {
        "owner": "NixOS",
        "ref": "nixos-unstable",
        "repo": "nixpkgs",
        "type": "github"
      }
    },
    "nixpkgs-network": {
      "locked": {
        "lastModified": 1722112448,
        "narHash": "sha256-Ugp/K1wA7N0u0xE27YP/fvFaZqK9dYKSjJ/OoTdQ7rc=",
        "owner": "NixOS",
        "repo": "nixpkgs",
        "rev": "ac56c456ebe4901c561d3ebf1c98fbd970aea753",
        "type": "github"
      },
      "original": {
        "owner": "NixOS",
        "repo": "nixpkgs",
        "rev": "ac56c456ebe4901c561d3ebf1c98fbd970aea753",
        "type": "github"
      }
    },
    "nixpkgs-network_2": {
      "locked": {
        "lastModified": 1722112448,
        "narHash": "sha256-Ugp/K1wA7N0u0xE27YP/fvFaZqK9dYKSjJ/OoTdQ7rc=",
        "owner": "NixOS",
        "repo": "nixpkgs",
        "rev": "ac56c456ebe4901c561d3ebf1c98fbd970aea753",
        "type": "github"
      },
      "original": {
        "owner": "NixOS",
        "repo": "nixpkgs",
        "rev": "ac56c456ebe4901c561d3ebf1c98fbd970aea753",
        "type": "github"
      }
    },
    "root": {
      "inputs": {
        "network-compiler": "network-compiler",
        "nixpkgs": "nixpkgs",
        "nixpkgs-network": "nixpkgs-network_2"
      }
    }
  },
  "root": "root",
  "version": 7
}
